%{"cowboy": {:hex, :cowboy, "1.0.2", "876a2f63eaa5da5bd0610569d6402cabef8b3f48171233c11cfeee9f37d1f0c9", [:rebar], [{:cowlib, "~> 1.0.0", [hex: :cowlib, optional: false]}, {:ranch, "~> 1.0", [hex: :ranch, optional: false]}]},
  "cowlib": {:hex, :cowlib, "1.0.1", "175a633c472058bbeb1b238a6409766a48b52b43b7b687ed70f03cf6e854b7d9", [:make], []},
  "phoenix": {:git, "https://github.com/phoenixframework/phoenix.git", "3fc98f8b18095b6d155f5afd824f7c5e24447187", []},
  "plug": {:hex, :plug, "0.13.0", "2fed890715c53a2e47a8c410fac5b198770aa7abe996cf85cd496c3492dc4bc8", [:mix], [{:cowboy, "~> 1.0", [hex: :cowboy, optional: true]}]},
  "poison": {:hex, :poison, "1.4.0", "cd5afb9db7f0d19487572fa28185b6d4de647f14235746824e77b3139b79b725", [:mix], []},
  "ranch": {:hex, :ranch, "1.1.0", "f7ed6d97db8c2a27cca85cacbd543558001fc5a355e93a7bff1e9a9065a8545b", [:make], []},
  "websocket_client": {:git, "https://github.com/jeremyong/websocket_client.git", "f6892c8b55004008ce2d52be7d98b156f3e34569", []}}
